// !$*UTF8*$!
{
	archiveVersion = 1;
	classes = {
	};
	objectVersion = 48;
	objects = {

/* Begin PBXBuildFile section */
		6321589F1F43B0F200526605 /* AppDelegate.swift in Sources */ = {isa = PBXBuildFile; fileRef = 6321589E1F43B0F200526605 /* AppDelegate.swift */; };
		632158A11F43B0F200526605 /* WeatherVC.swift in Sources */ = {isa = PBXBuildFile; fileRef = 632158A01F43B0F200526605 /* WeatherVC.swift */; };
		632158A41F43B0F200526605 /* Main.storyboard in Resources */ = {isa = PBXBuildFile; fileRef = 632158A21F43B0F200526605 /* Main.storyboard */; };
		632158A61F43B0F200526605 /* Assets.xcassets in Resources */ = {isa = PBXBuildFile; fileRef = 632158A51F43B0F200526605 /* Assets.xcassets */; };
		632158A91F43B0F200526605 /* LaunchScreen.storyboard in Resources */ = {isa = PBXBuildFile; fileRef = 632158A71F43B0F200526605 /* LaunchScreen.storyboard */; };
		636AB82F1F47CB5B002EC182 /* Constants.swift in Sources */ = {isa = PBXBuildFile; fileRef = 636AB82E1F47CB5B002EC182 /* Constants.swift */; };
		636AB8311F47CE5B002EC182 /* CurrentWeather.swift in Sources */ = {isa = PBXBuildFile; fileRef = 636AB8301F47CE5B002EC182 /* CurrentWeather.swift */; };
		638F70B31F4B5ED40080F2A9 /* Forecast.swift in Sources */ = {isa = PBXBuildFile; fileRef = 638F70B21F4B5ED40080F2A9 /* Forecast.swift */; };
		639ABE5B1F4E2C2800057BE0 /* WeatherCell.swift in Sources */ = {isa = PBXBuildFile; fileRef = 639ABE5A1F4E2C2800057BE0 /* WeatherCell.swift */; };
		C256654028A68827D6BAE4F4 /* Pods_Weather.framework in Frameworks */ = {isa = PBXBuildFile; fileRef = 01A4ECD1CCCDA71B14965C6C /* Pods_Weather.framework */; };
/* End PBXBuildFile section */

/* Begin PBXFileReference section */
		01A4ECD1CCCDA71B14965C6C /* Pods_Weather.framework */ = {isa = PBXFileReference; explicitFileType = wrapper.framework; includeInIndex = 0; path = Pods_Weather.framework; sourceTree = BUILT_PRODUCTS_DIR; };
		02F0C214221FB9E65EAB32AD /* Pods-Weather.release.xcconfig */ = {isa = PBXFileReference; includeInIndex = 1; lastKnownFileType = text.xcconfig; name = "Pods-Weather.release.xcconfig"; path = "Pods/Target Support Files/Pods-Weather/Pods-Weather.release.xcconfig"; sourceTree = "<group>"; };
		6321589B1F43B0F200526605 /* Weather.app */ = {isa = PBXFileReference; explicitFileType = wrapper.application; includeInIndex = 0; path = Weather.app; sourceTree = BUILT_PRODUCTS_DIR; };
		6321589E1F43B0F200526605 /* AppDelegate.swift */ = {isa = PBXFileReference; lastKnownFileType = sourcecode.swift; path = AppDelegate.swift; sourceTree = "<group>"; };
		632158A01F43B0F200526605 /* WeatherVC.swift */ = {isa = PBXFileReference; lastKnownFileType = sourcecode.swift; path = WeatherVC.swift; sourceTree = "<group>"; };
		632158A31F43B0F200526605 /* Base */ = {isa = PBXFileReference; lastKnownFileType = file.storyboard; name = Base; path = Base.lproj/Main.storyboard; sourceTree = "<group>"; };
		632158A51F43B0F200526605 /* Assets.xcassets */ = {isa = PBXFileReference; lastKnownFileType = folder.assetcatalog; path = Assets.xcassets; sourceTree = "<group>"; };
		632158A81F43B0F200526605 /* Base */ = {isa = PBXFileReference; lastKnownFileType = file.storyboard; name = Base; path = Base.lproj/LaunchScreen.storyboard; sourceTree = "<group>"; };
		632158AA1F43B0F200526605 /* Info.plist */ = {isa = PBXFileReference; lastKnownFileType = text.plist.xml; path = Info.plist; sourceTree = "<group>"; };
		636AB82E1F47CB5B002EC182 /* Constants.swift */ = {isa = PBXFileReference; lastKnownFileType = sourcecode.swift; path = Constants.swift; sourceTree = "<group>"; };
		636AB8301F47CE5B002EC182 /* CurrentWeather.swift */ = {isa = PBXFileReference; lastKnownFileType = sourcecode.swift; path = CurrentWeather.swift; sourceTree = "<group>"; };
		638F70B21F4B5ED40080F2A9 /* Forecast.swift */ = {isa = PBXFileReference; lastKnownFileType = sourcecode.swift; path = Forecast.swift; sourceTree = "<group>"; };
		639ABE5A1F4E2C2800057BE0 /* WeatherCell.swift */ = {isa = PBXFileReference; lastKnownFileType = sourcecode.swift; path = WeatherCell.swift; sourceTree = "<group>"; };
		B936C6E56432C3BDECBFDC9A /* Pods-Weather.debug.xcconfig */ = {isa = PBXFileReference; includeInIndex = 1; lastKnownFileType = text.xcconfig; name = "Pods-Weather.debug.xcconfig"; path = "Pods/Target Support Files/Pods-Weather/Pods-Weather.debug.xcconfig"; sourceTree = "<group>"; };
/* End PBXFileReference section */

/* Begin PBXFrameworksBuildPhase section */
		632158981F43B0F200526605 /* Frameworks */ = {
			isa = PBXFrameworksBuildPhase;
			buildActionMask = 2147483647;
			files = (
				C256654028A68827D6BAE4F4 /* Pods_Weather.framework in Frameworks */,
			);
			runOnlyForDeploymentPostprocessing = 0;
		};
/* End PBXFrameworksBuildPhase section */

/* Begin PBXGroup section */
		2B1A1EC2C42B9A97B43D8AF7 /* Frameworks */ = {
			isa = PBXGroup;
			children = (
				01A4ECD1CCCDA71B14965C6C /* Pods_Weather.framework */,
			);
			name = Frameworks;
			sourceTree = "<group>";
		};
		632158921F43B0F200526605 = {
			isa = PBXGroup;
			children = (
				6321589D1F43B0F200526605 /* Weather */,
				6321589C1F43B0F200526605 /* Products */,
				807579EC92712B49BBEA7B98 /* Pods */,
				2B1A1EC2C42B9A97B43D8AF7 /* Frameworks */,
			);
			sourceTree = "<group>";
		};
		6321589C1F43B0F200526605 /* Products */ = {
			isa = PBXGroup;
			children = (
				6321589B1F43B0F200526605 /* Weather.app */,
			);
			name = Products;
			sourceTree = "<group>";
		};
		6321589D1F43B0F200526605 /* Weather */ = {
			isa = PBXGroup;
			children = (
				6321589E1F43B0F200526605 /* AppDelegate.swift */,
				632158A01F43B0F200526605 /* WeatherVC.swift */,
				632158A21F43B0F200526605 /* Main.storyboard */,
				632158A51F43B0F200526605 /* Assets.xcassets */,
				632158A71F43B0F200526605 /* LaunchScreen.storyboard */,
				632158AA1F43B0F200526605 /* Info.plist */,
				636AB82E1F47CB5B002EC182 /* Constants.swift */,
				636AB8301F47CE5B002EC182 /* CurrentWeather.swift */,
				638F70B21F4B5ED40080F2A9 /* Forecast.swift */,
				639ABE5A1F4E2C2800057BE0 /* WeatherCell.swift */,
			);
			path = Weather;
			sourceTree = "<group>";
		};
		807579EC92712B49BBEA7B98 /* Pods */ = {
			isa = PBXGroup;
			children = (
				B936C6E56432C3BDECBFDC9A /* Pods-Weather.debug.xcconfig */,
				02F0C214221FB9E65EAB32AD /* Pods-Weather.release.xcconfig */,
			);
			name = Pods;
			sourceTree = "<group>";
		};
/* End PBXGroup section */

/* Begin PBXNativeTarget section */
		6321589A1F43B0F200526605 /* Weather */ = {
			isa = PBXNativeTarget;
			buildConfigurationList = 632158AD1F43B0F200526605 /* Build configuration list for PBXNativeTarget "Weather" */;
			buildPhases = (
				4806E0BA24399D08824655E9 /* [CP] Check Pods Manifest.lock */,
				632158971F43B0F200526605 /* Sources */,
				632158981F43B0F200526605 /* Frameworks */,
				632158991F43B0F200526605 /* Resources */,
				781E99FA055F2ED7C70A7DCD /* [CP] Embed Pods Frameworks */,
				59702F85C4DF84F07D472E4A /* [CP] Copy Pods Resources */,
			);
			buildRules = (
			);
			dependencies = (
			);
			name = Weather;
			productName = Weather;
			productReference = 6321589B1F43B0F200526605 /* Weather.app */;
			productType = "com.apple.product-type.application";
		};
/* End PBXNativeTarget section */

/* Begin PBXProject section */
		632158931F43B0F200526605 /* Project object */ = {
			isa = PBXProject;
			attributes = {
				LastSwiftUpdateCheck = 0900;
				LastUpgradeCheck = 0900;
				ORGANIZATIONNAME = "David Voicu";
				TargetAttributes = {
					6321589A1F43B0F200526605 = {
						CreatedOnToolsVersion = 9.0;
					};
				};
			};
			buildConfigurationList = 632158961F43B0F200526605 /* Build configuration list for PBXProject "Weather" */;
			compatibilityVersion = "Xcode 8.0";
			developmentRegion = en;
			hasScannedForEncodings = 0;
			knownRegions = (
				en,
				Base,
			);
			mainGroup = 632158921F43B0F200526605;
			productRefGroup = 6321589C1F43B0F200526605 /* Products */;
			projectDirPath = "";
			projectRoot = "";
			targets = (
				6321589A1F43B0F200526605 /* Weather */,
			);
		};
/* End PBXProject section */

/* Begin PBXResourcesBuildPhase section */
		632158991F43B0F200526605 /* Resources */ = {
			isa = PBXResourcesBuildPhase;
			buildActionMask = 2147483647;
			files = (
				632158A91F43B0F200526605 /* LaunchScreen.storyboard in Resources */,
				632158A61F43B0F200526605 /* Assets.xcassets in Resources */,
				632158A41F43B0F200526605 /* Main.storyboard in Resources */,
			);
			runOnlyForDeploymentPostprocessing = 0;
		};
/* End PBXResourcesBuildPhase section */

/* Begin PBXShellScriptBuildPhase section */
		4806E0BA24399D08824655E9 /* [CP] Check Pods Manifest.lock */ = {
			isa = PBXShellScriptBuildPhase;
			buildActionMask = 2147483647;
			files = (
			);
			inputPaths = (
				"${PODS_PODFILE_DIR_PATH}/Podfile.lock",
				"${PODS_ROOT}/Manifest.lock",
			);
			name = "[CP] Check Pods Manifest.lock";
			outputPaths = (
				"$(DERIVED_FILE_DIR)/Pods-Weather-checkManifestLockResult.txt",
			);
			runOnlyForDeploymentPostprocessing = 0;
			shellPath = /bin/sh;
			shellScript = "diff \"${PODS_PODFILE_DIR_PATH}/Podfile.lock\" \"${PODS_ROOT}/Manifest.lock\" > /dev/null\nif [ $? != 0 ] ; then\n    # print error to STDERR\n    echo \"error: The sandbox is not in sync with the Podfile.lock. Run 'pod install' or update your CocoaPods installation.\" >&2\n    exit 1\nfi\n# This output is used by Xcode 'outputs' to avoid re-running this script phase.\necho \"SUCCESS\" > \"${SCRIPT_OUTPUT_FILE_0}\"\n";
			showEnvVarsInLog = 0;
		};
		59702F85C4DF84F07D472E4A /* [CP] Copy Pods Resources */ = {
			isa = PBXShellScriptBuildPhase;
			buildActionMask = 2147483647;
			files = (
			);
			inputPaths = (
			);
			name = "[CP] Copy Pods Resources";
			outputPaths = (
			);
			runOnlyForDeploymentPostprocessing = 0;
			shellPath = /bin/sh;
			shellScript = "\"${SRCROOT}/Pods/Target Support Files/Pods-Weather/Pods-Weather-resources.sh\"\n";
			showEnvVarsInLog = 0;
		};
		781E99FA055F2ED7C70A7DCD /* [CP] Embed Pods Frameworks */ = {
			isa = PBXShellScriptBuildPhase;
			buildActionMask = 2147483647;
			files = (
			);
			inputPaths = (
				"${SRCROOT}/Pods/Target Support Files/Pods-Weather/Pods-Weather-frameworks.sh",
				"${BUILT_PRODUCTS_DIR}/Alamofire/Alamofire.framework",
			);
			name = "[CP] Embed Pods Frameworks";
			outputPaths = (
				"${TARGET_BUILD_DIR}/${FRAMEWORKS_FOLDER_PATH}/Alamofire.framework",
			);
			runOnlyForDeploymentPostprocessing = 0;
			shellPath = /bin/sh;
			shellScript = "\"${SRCROOT}/Pods/Target Support Files/Pods-Weather/Pods-Weather-frameworks.sh\"\n";
			showEnvVarsInLog = 0;
		};
/* End PBXShellScriptBuildPhase section */

/* Begin PBXSourcesBuildPhase section */
		632158971F43B0F200526605 /* Sources */ = {
			isa = PBXSourcesBuildPhase;
			buildActionMask = 2147483647;
			files = (
				632158A11F43B0F200526605 /* WeatherVC.swift in Sources */,
				6321589F1F43B0F200526605 /* AppDelegate.swift in Sources */,
				639ABE5B1F4E2C2800057BE0 /* WeatherCell.swift in Sources */,
				636AB8311F47CE5B002EC182 /* CurrentWeather.swift in Sources */,
				636AB82F1F47CB5B002EC182 /* Constants.swift in Sources */,
				638F70B31F4B5ED40080F2A9 /* Forecast.swift in Sources */,
			);
			runOnlyForDeploymentPostprocessing = 0;
		};
/* End PBXSourcesBuildPhase section */

/* Begin PBXVariantGroup section */
		632158A21F43B0F200526605 /* Main.storyboard */ = {
			isa = PBXVariantGroup;
			children = (
				632158A31F43B0F200526605 /* Base */,
			);
			name = Main.storyboard;
			sourceTree = "<group>";
		};
		632158A71F43B0F200526605 /* LaunchScreen.storyboard */ = {
			isa = PBXVariantGroup;
			children = (
				632158A81F43B0F200526605 /* Base */,
			);
			name = LaunchScreen.storyboard;
			sourceTree = "<group>";
		};
/* End PBXVariantGroup section */

/* Begin XCBuildConfiguration section */
		632158AB1F43B0F200526605 /* Debug */ = {
			isa = XCBuildConfiguration;
			buildSettings = {
				ALWAYS_SEARCH_USER_PATHS = NO;
				CLANG_ANALYZER_NONNULL = YES;
				CLANG_ANALYZER_NUMBER_OBJECT_CONVERSION = YES_AGGRESSIVE;
				CLANG_CXX_LANGUAGE_STANDARD = "gnu++14";
				CLANG_CXX_LIBRARY = "libc++";
				CLANG_ENABLE_MODULES = YES;
				CLANG_ENABLE_OBJC_ARC = YES;
				CLANG_WARN_BLOCK_CAPTURE_AUTORELEASING = YES;
				CLANG_WARN_BOOL_CONVERSION = YES;
				CLANG_WARN_COMMA = YES;
				CLANG_WARN_CONSTANT_CONVERSION = YES;
				CLANG_WARN_DIRECT_OBJC_ISA_USAGE = YES_ERROR;
				CLANG_WARN_DOCUMENTATION_COMMENTS = YES;
				CLANG_WARN_EMPTY_BODY = YES;
				CLANG_WARN_ENUM_CONVERSION = YES;
				CLANG_WARN_INFINITE_RECURSION = YES;
				CLANG_WARN_INT_CONVERSION = YES;
				CLANG_WARN_NON_LITERAL_NULL_CONVERSION = YES;
				CLANG_WARN_OBJC_LITERAL_CONVERSION = YES;
				CLANG_WARN_OBJC_ROOT_CLASS = YES_ERROR;
				CLANG_WARN_RANGE_LOOP_ANALYSIS = YES;
				CLANG_WARN_STRICT_PROTOTYPES = YES;
				CLANG_WARN_SUSPICIOUS_MOVE = YES;
				CLANG_WARN_UNGUARDED_AVAILABILITY = YES_AGGRESSIVE;
				CLANG_WARN_UNREACHABLE_CODE = YES;
				CLANG_WARN__DUPLICATE_METHOD_MATCH = YES;
				CODE_SIGN_IDENTITY = "iPhone Developer";
				COPY_PHASE_STRIP = NO;
				DEBUG_INFORMATION_FORMAT = dwarf;
				ENABLE_STRICT_OBJC_MSGSEND = YES;
				ENABLE_TESTABILITY = YES;
				GCC_C_LANGUAGE_STANDARD = gnu11;
				GCC_DYNAMIC_NO_PIC = NO;
				GCC_NO_COMMON_BLOCKS = YES;
				GCC_OPTIMIZATION_LEVEL = 0;
				GCC_PREPROCESSOR_DEFINITIONS = (
					"DEBUG=1",
					"$(inherited)",
				);
				GCC_WARN_64_TO_32_BIT_CONVERSION = YES;
				GCC_WARN_ABOUT_RETURN_TYPE = YES_ERROR;
				GCC_WARN_UNDECLARED_SELECTOR = YES;
				GCC_WARN_UNINITIALIZED_AUTOS = YES_AGGRESSIVE;
				GCC_WARN_UNUSED_FUNCTION = YES;
				GCC_WARN_UNUSED_VARIABLE = YES;
				IPHONEOS_DEPLOYMENT_TARGET = 11.0;
				MTL_ENABLE_DEBUG_INFO = YES;
				ONLY_ACTIVE_ARCH = YES;
				SDKROOT = iphoneos;
				SWIFT_ACTIVE_COMPILATION_CONDITIONS = DEBUG;
				SWIFT_OPTIMIZATION_LEVEL = "-Onone";
			};
			name = Debug;
		};
		632158AC1F43B0F200526605 /* Release */ = {
			isa = XCBuildConfiguration;
			buildSettings = {
				ALWAYS_SEARCH_USER_PATHS = NO;
				CLANG_ANALYZER_NONNULL = YES;
				CLANG_ANALYZER_NUMBER_OBJECT_CONVERSION = YES_AGGRESSIVE;
				CLANG_CXX_LANGUAGE_STANDARD = "gnu++14";
				CLANG_CXX_LIBRARY = "libc++";
				CLANG_ENABLE_MODULES = YES;
				CLANG_ENABLE_OBJC_ARC = YES;
				CLANG_WARN_BLOCK_CAPTURE_AUTORELEASING = YES;
				CLANG_WARN_BOOL_CONVERSION = YES;
				CLANG_WARN_COMMA = YES;
				CLANG_WARN_CONSTANT_CONVERSION = YES;
				CLANG_WARN_DIRECT_OBJC_ISA_USAGE = YES_ERROR;
				CLANG_WARN_DOCUMENTATION_COMMENTS = YES;
				CLANG_WARN_EMPTY_BODY = YES;
				CLANG_WARN_ENUM_CONVERSION = YES;
				CLANG_WARN_INFINITE_RECURSION = YES;
				CLANG_WARN_INT_CONVERSION = YES;
				CLANG_WARN_NON_LITERAL_NULL_CONVERSION = YES;
				CLANG_WARN_OBJC_LITERAL_CONVERSION = YES;
				CLANG_WARN_OBJC_ROOT_CLASS = YES_ERROR;
				CLANG_WARN_RANGE_LOOP_ANALYSIS = YES;
				CLANG_WARN_STRICT_PROTOTYPES = YES;
				CLANG_WARN_SUSPICIOUS_MOVE = YES;
				CLANG_WARN_UNGUARDED_AVAILABILITY = YES_AGGRESSIVE;
				CLANG_WARN_UNREACHABLE_CODE = YES;
				CLANG_WARN__DUPLICATE_METHOD_MATCH = YES;
				CODE_SIGN_IDENTITY = "iPhone Developer";
				COPY_PHASE_STRIP = NO;
				DEBUG_INFORMATION_FORMAT = "dwarf-with-dsym";
				ENABLE_NS_ASSERTIONS = NO;
				ENABLE_STRICT_OBJC_MSGSEND = YES;
				GCC_C_LANGUAGE_STANDARD = gnu11;
				GCC_NO_COMMON_BLOCKS = YES;
				GCC_WARN_64_TO_32_BIT_CONVERSION = YES;
				GCC_WARN_ABOUT_RETURN_TYPE = YES_ERROR;
				GCC_WARN_UNDECLARED_SELECTOR = YES;
				GCC_WARN_UNINITIALIZED_AUTOS = YES_AGGRESSIVE;
				GCC_WARN_UNUSED_FUNCTION = YES;
				GCC_WARN_UNUSED_VARIABLE = YES;
				IPHONEOS_DEPLOYMENT_TARGET = 11.0;
				MTL_ENABLE_DEBUG_INFO = NO;
				SDKROOT = iphoneos;
				SWIFT_OPTIMIZATION_LEVEL = "-Owholemodule";
				VALIDATE_PRODUCT = YES;
			};
			name = Release;
		};
		632158AE1F43B0F200526605 /* Debug */ = {
			isa = XCBuildConfiguration;
			baseConfigurationReference = B936C6E56432C3BDECBFDC9A /* Pods-Weather.debug.xcconfig */;
			buildSettings = {
				ASSETCATALOG_COMPILER_APPICON_NAME = AppIcon;
				INFOPLIST_FILE = Weather/Info.plist;
				LD_RUNPATH_SEARCH_PATHS = "$(inherited) @executable_path/Frameworks";
				PRODUCT_BUNDLE_IDENTIFIER = voicu.Weather;
				PRODUCT_NAME = "$(TARGET_NAME)";
				SWIFT_VERSION = 3.0;
				TARGETED_DEVICE_FAMILY = 1;
			};
			name = Debug;
		};
		632158AF1F43B0F200526605 /* Release */ = {
			isa = XCBuildConfiguration;
			baseConfigurationReference = 02F0C214221FB9E65EAB32AD /* Pods-Weather.release.xcconfig */;
			buildSettings = {
				ASSETCATALOG_COMPILER_APPICON_NAME = AppIcon;
				INFOPLIST_FILE = Weather/Info.plist;
				LD_RUNPATH_SEARCH_PATHS = "$(inherited) @executable_path/Frameworks";
				PRODUCT_BUNDLE_IDENTIFIER = voicu.Weather;
				PRODUCT_NAME = "$(TARGET_NAME)";
				SWIFT_VERSION = 3.0;
				TARGETED_DEVICE_FAMILY = 1;
			};
			name = Release;
		};
/* End XCBuildConfiguration section */

/* Begin XCConfigurationList section */
		632158961F43B0F200526605 /* Build configuration list for PBXProject "Weather" */ = {
			isa = XCConfigurationList;
			buildConfigurations = (
				632158AB1F43B0F200526605 /* Debug */,
				632158AC1F43B0F200526605 /* Release */,
			);
			defaultConfigurationIsVisible = 0;
			defaultConfigurationName = Release;
		};
		632158AD1F43B0F200526605 /* Build configuration list for PBXNativeTarget "Weather" */ = {
			isa = XCConfigurationList;
			buildConfigurations = (
				632158AE1F43B0F200526605 /* Debug */,
				632158AF1F43B0F200526605 /* Release */,
			);
			defaultConfigurationIsVisible = 0;
			defaultConfigurationName = Release;
		};
/* End XCConfigurationList section */
	};
	rootObject = 632158931F43B0F200526605 /* Project object */;
}
